
Microsoft Visual Studio Solution File, Format Version 12.00
# Visual Studio Version 17
VisualStudioVersion = 17.0.32014.148
MinimumVisualStudioVersion = 10.0.40219.1
Project("{FAE04EC0-301F-11D3-BF4B-00C04F79EFBC}") = "arif", "LLabba\arif.csproj", "{9B5BC27D-4D7D-4E0E-8572-ACE630DC97A6}"
EndProject
Project("{FAE04EC0-301F-11D3-BF4B-00C04F79EFBC}") = "radius", "radius\radius.csproj", "{FC45F719-3C5B-40E0-B9F1-D7BF817AFD31}"
EndProject
Global
	GlobalSection(SolutionConfigurationPlatforms) = preSolution
		Debug|Any CPU = Debug|Any CPU
		Release|Any CPU = Release|Any CPU
	EndGlobalSection
	GlobalSection(ProjectConfigurationPlatforms) = postSolution
		{9B5BC27D-4D7D-4E0E-8572-ACE630DC97A6}.Debug|Any CPU.ActiveCfg = Debug|Any CPU
		{9B5BC27D-4D7D-4E0E-8572-ACE630DC97A6}.Debug|Any CPU.Build.0 = Debug|Any CPU
		{9B5BC27D-4D7D-4E0E-8572-ACE630DC97A6}.Release|Any CPU.ActiveCfg = Release|Any CPU
		{9B5BC27D-4D7D-4E0E-8572-ACE630DC97A6}.Release|Any CPU.Build.0 = Release|Any CPU
		{FC45F719-3C5B-40E0-B9F1-D7BF817AFD31}.Debug|Any CPU.ActiveCfg = Debug|Any CPU
		{FC45F719-3C5B-40E0-B9F1-D7BF817AFD31}.Debug|Any CPU.Build.0 = Debug|Any CPU
		{FC45F719-3C5B-40E0-B9F1-D7BF817AFD31}.Release|Any CPU.ActiveCfg = Release|Any CPU
		{FC45F719-3C5B-40E0-B9F1-D7BF817AFD31}.Release|Any CPU.Build.0 = Release|Any CPU
	EndGlobalSection
	GlobalSection(SolutionProperties) = preSolution
		HideSolutionNode = FALSE
	EndGlobalSection
	GlobalSection(ExtensibilityGlobals) = postSolution
		SolutionGuid = {BA5DA758-0271-47D6-BD81-5E2134C6E0FC}
	EndGlobalSection
EndGlobal
